
Microsoft Visual Studio Solution File, Format Version 12.00
# Visual Studio Version 17
VisualStudioVersion = 17.9.34728.123
MinimumVisualStudioVersion = 10.0.40219.1
Project("{FAE04EC0-301F-11D3-BF4B-00C04F79EFBC}") = "NoteAppUI", "NoteAppUI\NoteAppUI.csproj", "{38E1DA53-4A51-4AE4-8AF9-4D2DAE7AD885}"
EndProject
Global
	GlobalSection(SolutionConfigurationPlatforms) = preSolution
		Debug|Any CPU = Debug|Any CPU
		Release|Any CPU = Release|Any CPU
	EndGlobalSection
	GlobalSection(ProjectConfigurationPlatforms) = postSolution
		{38E1DA53-4A51-4AE4-8AF9-4D2DAE7AD885}.Debug|Any CPU.ActiveCfg = Debug|Any CPU
		{38E1DA53-4A51-4AE4-8AF9-4D2DAE7AD885}.Debug|Any CPU.Build.0 = Debug|Any CPU
		{38E1DA53-4A51-4AE4-8AF9-4D2DAE7AD885}.Release|Any CPU.ActiveCfg = Release|Any CPU
		{38E1DA53-4A51-4AE4-8AF9-4D2DAE7AD885}.Release|Any CPU.Build.0 = Release|Any CPU
	EndGlobalSection
	GlobalSection(SolutionProperties) = preSolution
		HideSolutionNode = FALSE
	EndGlobalSection
	GlobalSection(ExtensibilityGlobals) = postSolution
		SolutionGuid = {72F28F74-B857-49A9-9C35-8721B36A9952}
	EndGlobalSection
EndGlobal
